
Microsoft Visual Studio Solution File, Format Version 12.00
# Visual Studio 2012
Project("{FAE04EC0-301F-11D3-BF4B-00C04F79EFBC}") = "QuantumTrap", "QuantumTrap\QuantumTrap.csproj", "{1ACAA507-11F1-48E4-AE6C-91854C609068}"
EndProject
Project("{FAE04EC0-301F-11D3-BF4B-00C04F79EFBC}") = "QuantumTrap.Content", "QuantumTrap.Content\QuantumTrap.Content\QuantumTrap.Content.csproj", "{E5D2E610-4298-49B5-BD4D-CCF6CE408777}"
EndProject
Project("{FAE04EC0-301F-11D3-BF4B-00C04F79EFBC}") = "QuantumTrap.ContentContent", "QuantumTrap.Content\QuantumTrap.ContentContent\QuantumTrap.ContentContent.contentproj", "{2C21D323-C891-4C44-9FEA-A7E583A77CE3}"
EndProject
Global
	GlobalSection(SolutionConfigurationPlatforms) = preSolution
		Android|Any CPU = Android|Any CPU
		Android|Mixed Platforms = Android|Mixed Platforms
		Android|x86 = Android|x86
		Android|Xbox 360 = Android|Xbox 360
		Android|Zune = Android|Zune
		Debug|Any CPU = Debug|Any CPU
		Debug|Mixed Platforms = Debug|Mixed Platforms
		Debug|x86 = Debug|x86
		Debug|Xbox 360 = Debug|Xbox 360
		Debug|Zune = Debug|Zune
		iOS|Any CPU = iOS|Any CPU
		iOS|Mixed Platforms = iOS|Mixed Platforms
		iOS|x86 = iOS|x86
		iOS|Xbox 360 = iOS|Xbox 360
		iOS|Zune = iOS|Zune
		Linux|Any CPU = Linux|Any CPU
		Linux|Mixed Platforms = Linux|Mixed Platforms
		Linux|x86 = Linux|x86
		Linux|Xbox 360 = Linux|Xbox 360
		Linux|Zune = Linux|Zune
		OSX|Any CPU = OSX|Any CPU
		OSX|Mixed Platforms = OSX|Mixed Platforms
		OSX|x86 = OSX|x86
		OSX|Xbox 360 = OSX|Xbox 360
		OSX|Zune = OSX|Zune
		PSM|Any CPU = PSM|Any CPU
		PSM|Mixed Platforms = PSM|Mixed Platforms
		PSM|x86 = PSM|x86
		PSM|Xbox 360 = PSM|Xbox 360
		PSM|Zune = PSM|Zune
		Release|Any CPU = Release|Any CPU
		Release|Mixed Platforms = Release|Mixed Platforms
		Release|x86 = Release|x86
		Release|Xbox 360 = Release|Xbox 360
		Release|Zune = Release|Zune
		Windows|Any CPU = Windows|Any CPU
		Windows|Mixed Platforms = Windows|Mixed Platforms
		Windows|x86 = Windows|x86
		Windows|Xbox 360 = Windows|Xbox 360
		Windows|Zune = Windows|Zune
		Windows8|Any CPU = Windows8|Any CPU
		Windows8|Mixed Platforms = Windows8|Mixed Platforms
		Windows8|x86 = Windows8|x86
		Windows8|Xbox 360 = Windows8|Xbox 360
		Windows8|Zune = Windows8|Zune
	EndGlobalSection
	GlobalSection(ProjectConfigurationPlatforms) = postSolution
		{1ACAA507-11F1-48E4-AE6C-91854C609068}.Android|Any CPU.ActiveCfg = Release|x86
		{1ACAA507-11F1-48E4-AE6C-91854C609068}.Android|Mixed Platforms.ActiveCfg = Release|x86
		{1ACAA507-11F1-48E4-AE6C-91854C609068}.Android|Mixed Platforms.Build.0 = Release|x86
		{1ACAA507-11F1-48E4-AE6C-91854C609068}.Android|x86.ActiveCfg = Release|x86
		{1ACAA507-11F1-48E4-AE6C-91854C609068}.Android|x86.Build.0 = Release|x86
		{1ACAA507-11F1-48E4-AE6C-91854C609068}.Android|Xbox 360.ActiveCfg = Debug|x86
		{1ACAA507-11F1-48E4-AE6C-91854C609068}.Android|Zune.ActiveCfg = Debug|x86
		{1ACAA507-11F1-48E4-AE6C-91854C609068}.Debug|Any CPU.ActiveCfg = Debug|x86
		{1ACAA507-11F1-48E4-AE6C-91854C609068}.Debug|Mixed Platforms.ActiveCfg = Debug|x86
		{1ACAA507-11F1-48E4-AE6C-91854C609068}.Debug|Mixed Platforms.Build.0 = Debug|x86
		{1ACAA507-11F1-48E4-AE6C-91854C609068}.Debug|x86.ActiveCfg = Debug|x86
		{1ACAA507-11F1-48E4-AE6C-91854C609068}.Debug|x86.Build.0 = Debug|x86
		{1ACAA507-11F1-48E4-AE6C-91854C609068}.Debug|Xbox 360.ActiveCfg = Debug|x86
		{1ACAA507-11F1-48E4-AE6C-91854C609068}.Debug|Zune.ActiveCfg = Debug|x86
		{1ACAA507-11F1-48E4-AE6C-91854C609068}.iOS|Any CPU.ActiveCfg = Release|x86
		{1ACAA507-11F1-48E4-AE6C-91854C609068}.iOS|Mixed Platforms.ActiveCfg = Release|x86
		{1ACAA507-11F1-48E4-AE6C-91854C609068}.iOS|Mixed Platforms.Build.0 = Release|x86
		{1ACAA507-11F1-48E4-AE6C-91854C609068}.iOS|x86.ActiveCfg = Release|x86
		{1ACAA507-11F1-48E4-AE6C-91854C609068}.iOS|x86.Build.0 = Release|x86
		{1ACAA507-11F1-48E4-AE6C-91854C609068}.iOS|Xbox 360.ActiveCfg = Debug|x86
		{1ACAA507-11F1-48E4-AE6C-91854C609068}.iOS|Zune.ActiveCfg = Debug|x86
		{1ACAA507-11F1-48E4-AE6C-91854C609068}.Linux|Any CPU.ActiveCfg = Release|x86
		{1ACAA507-11F1-48E4-AE6C-91854C609068}.Linux|Mixed Platforms.ActiveCfg = Release|x86
		{1ACAA507-11F1-48E4-AE6C-91854C609068}.Linux|Mixed Platforms.Build.0 = Release|x86
		{1ACAA507-11F1-48E4-AE6C-91854C609068}.Linux|x86.ActiveCfg = Release|x86
		{1ACAA507-11F1-48E4-AE6C-91854C609068}.Linux|x86.Build.0 = Release|x86
		{1ACAA507-11F1-48E4-AE6C-91854C609068}.Linux|Xbox 360.ActiveCfg = Debug|x86
		{1ACAA507-11F1-48E4-AE6C-91854C609068}.Linux|Zune.ActiveCfg = Debug|x86
		{1ACAA507-11F1-48E4-AE6C-91854C609068}.OSX|Any CPU.ActiveCfg = Release|x86
		{1ACAA507-11F1-48E4-AE6C-91854C609068}.OSX|Mixed Platforms.ActiveCfg = Release|x86
		{1ACAA507-11F1-48E4-AE6C-91854C609068}.OSX|Mixed Platforms.Build.0 = Release|x86
		{1ACAA507-11F1-48E4-AE6C-91854C609068}.OSX|x86.ActiveCfg = Release|x86
		{1ACAA507-11F1-48E4-AE6C-91854C609068}.OSX|x86.Build.0 = Release|x86
		{1ACAA507-11F1-48E4-AE6C-91854C609068}.OSX|Xbox 360.ActiveCfg = Debug|x86
		{1ACAA507-11F1-48E4-AE6C-91854C609068}.OSX|Zune.ActiveCfg = Debug|x86
		{1ACAA507-11F1-48E4-AE6C-91854C609068}.PSM|Any CPU.ActiveCfg = Release|x86
		{1ACAA507-11F1-48E4-AE6C-91854C609068}.PSM|Mixed Platforms.ActiveCfg = Release|x86
		{1ACAA507-11F1-48E4-AE6C-91854C609068}.PSM|Mixed Platforms.Build.0 = Release|x86
		{1ACAA507-11F1-48E4-AE6C-91854C609068}.PSM|x86.ActiveCfg = Release|x86
		{1ACAA507-11F1-48E4-AE6C-91854C609068}.PSM|x86.Build.0 = Release|x86
		{1ACAA507-11F1-48E4-AE6C-91854C609068}.PSM|Xbox 360.ActiveCfg = Debug|x86
		{1ACAA507-11F1-48E4-AE6C-91854C609068}.PSM|Zune.ActiveCfg = Debug|x86
		{1ACAA507-11F1-48E4-AE6C-91854C609068}.Release|Any CPU.ActiveCfg = Release|x86
		{1ACAA507-11F1-48E4-AE6C-91854C609068}.Release|Mixed Platforms.ActiveCfg = Release|x86
		{1ACAA507-11F1-48E4-AE6C-91854C609068}.Release|Mixed Platforms.Build.0 = Release|x86
		{1ACAA507-11F1-48E4-AE6C-91854C609068}.Release|x86.ActiveCfg = Release|x86
		{1ACAA507-11F1-48E4-AE6C-91854C609068}.Release|x86.Build.0 = Release|x86
		{1ACAA507-11F1-48E4-AE6C-91854C609068}.Release|Xbox 360.ActiveCfg = Release|x86
		{1ACAA507-11F1-48E4-AE6C-91854C609068}.Release|Zune.ActiveCfg = Release|x86
		{1ACAA507-11F1-48E4-AE6C-91854C609068}.Windows|Any CPU.ActiveCfg = Release|x86
		{1ACAA507-11F1-48E4-AE6C-91854C609068}.Windows|Mixed Platforms.ActiveCfg = Release|x86
		{1ACAA507-11F1-48E4-AE6C-91854C609068}.Windows|Mixed Platforms.Build.0 = Release|x86
		{1ACAA507-11F1-48E4-AE6C-91854C609068}.Windows|x86.ActiveCfg = Release|x86
		{1ACAA507-11F1-48E4-AE6C-91854C609068}.Windows|x86.Build.0 = Release|x86
		{1ACAA507-11F1-48E4-AE6C-91854C609068}.Windows|Xbox 360.ActiveCfg = Debug|x86
		{1ACAA507-11F1-48E4-AE6C-91854C609068}.Windows|Zune.ActiveCfg = Debug|x86
		{1ACAA507-11F1-48E4-AE6C-91854C609068}.Windows8|Any CPU.ActiveCfg = Release|x86
		{1ACAA507-11F1-48E4-AE6C-91854C609068}.Windows8|Mixed Platforms.ActiveCfg = Release|x86
		{1ACAA507-11F1-48E4-AE6C-91854C609068}.Windows8|Mixed Platforms.Build.0 = Release|x86
		{1ACAA507-11F1-48E4-AE6C-91854C609068}.Windows8|x86.ActiveCfg = Release|x86
		{1ACAA507-11F1-48E4-AE6C-91854C609068}.Windows8|x86.Build.0 = Release|x86
		{1ACAA507-11F1-48E4-AE6C-91854C609068}.Windows8|Xbox 360.ActiveCfg = Debug|x86
		{1ACAA507-11F1-48E4-AE6C-91854C609068}.Windows8|Zune.ActiveCfg = Debug|x86
		{E5D2E610-4298-49B5-BD4D-CCF6CE408777}.Android|Any CPU.ActiveCfg = Android|Any CPU
		{E5D2E610-4298-49B5-BD4D-CCF6CE408777}.Android|Any CPU.Build.0 = Android|Any CPU
		{E5D2E610-4298-49B5-BD4D-CCF6CE408777}.Android|Mixed Platforms.ActiveCfg = Android|Any CPU
		{E5D2E610-4298-49B5-BD4D-CCF6CE408777}.Android|Mixed Platforms.Build.0 = Android|Any CPU
		{E5D2E610-4298-49B5-BD4D-CCF6CE408777}.Android|x86.ActiveCfg = Android|Any CPU
		{E5D2E610-4298-49B5-BD4D-CCF6CE408777}.Android|Xbox 360.ActiveCfg = Android|Any CPU
		{E5D2E610-4298-49B5-BD4D-CCF6CE408777}.Android|Zune.ActiveCfg = Android|Any CPU
		{E5D2E610-4298-49B5-BD4D-CCF6CE408777}.Debug|Any CPU.ActiveCfg = PSM|Any CPU
		{E5D2E610-4298-49B5-BD4D-CCF6CE408777}.Debug|Any CPU.Build.0 = PSM|Any CPU
		{E5D2E610-4298-49B5-BD4D-CCF6CE408777}.Debug|Mixed Platforms.ActiveCfg = PSM|Any CPU
		{E5D2E610-4298-49B5-BD4D-CCF6CE408777}.Debug|Mixed Platforms.Build.0 = PSM|Any CPU
		{E5D2E610-4298-49B5-BD4D-CCF6CE408777}.Debug|x86.ActiveCfg = PSM|Any CPU
		{E5D2E610-4298-49B5-BD4D-CCF6CE408777}.Debug|x86.Build.0 = PSM|Any CPU
		{E5D2E610-4298-49B5-BD4D-CCF6CE408777}.Debug|Xbox 360.ActiveCfg = Windows8|Any CPU
		{E5D2E610-4298-49B5-BD4D-CCF6CE408777}.Debug|Zune.ActiveCfg = Windows8|Any CPU
		{E5D2E610-4298-49B5-BD4D-CCF6CE408777}.iOS|Any CPU.ActiveCfg = iOS|Any CPU
		{E5D2E610-4298-49B5-BD4D-CCF6CE408777}.iOS|Any CPU.Build.0 = iOS|Any CPU
		{E5D2E610-4298-49B5-BD4D-CCF6CE408777}.iOS|Mixed Platforms.ActiveCfg = iOS|Any CPU
		{E5D2E610-4298-49B5-BD4D-CCF6CE408777}.iOS|Mixed Platforms.Build.0 = iOS|Any CPU
		{E5D2E610-4298-49B5-BD4D-CCF6CE408777}.iOS|x86.ActiveCfg = iOS|Any CPU
		{E5D2E610-4298-49B5-BD4D-CCF6CE408777}.iOS|Xbox 360.ActiveCfg = iOS|Any CPU
		{E5D2E610-4298-49B5-BD4D-CCF6CE408777}.iOS|Zune.ActiveCfg = iOS|Any CPU
		{E5D2E610-4298-49B5-BD4D-CCF6CE408777}.Linux|Any CPU.ActiveCfg = Linux|Any CPU
		{E5D2E610-4298-49B5-BD4D-CCF6CE408777}.Linux|Any CPU.Build.0 = Linux|Any CPU
		{E5D2E610-4298-49B5-BD4D-CCF6CE408777}.Linux|Mixed Platforms.ActiveCfg = Linux|Any CPU
		{E5D2E610-4298-49B5-BD4D-CCF6CE408777}.Linux|Mixed Platforms.Build.0 = Linux|Any CPU
		{E5D2E610-4298-49B5-BD4D-CCF6CE408777}.Linux|x86.ActiveCfg = Linux|Any CPU
		{E5D2E610-4298-49B5-BD4D-CCF6CE408777}.Linux|Xbox 360.ActiveCfg = Linux|Any CPU
		{E5D2E610-4298-49B5-BD4D-CCF6CE408777}.Linux|Zune.ActiveCfg = Linux|Any CPU
		{E5D2E610-4298-49B5-BD4D-CCF6CE408777}.OSX|Any CPU.ActiveCfg = OSX|Any CPU
		{E5D2E610-4298-49B5-BD4D-CCF6CE408777}.OSX|Any CPU.Build.0 = OSX|Any CPU
		{E5D2E610-4298-49B5-BD4D-CCF6CE408777}.OSX|Mixed Platforms.ActiveCfg = OSX|Any CPU
		{E5D2E610-4298-49B5-BD4D-CCF6CE408777}.OSX|Mixed Platforms.Build.0 = OSX|Any CPU
		{E5D2E610-4298-49B5-BD4D-CCF6CE408777}.OSX|x86.ActiveCfg = OSX|Any CPU
		{E5D2E610-4298-49B5-BD4D-CCF6CE408777}.OSX|Xbox 360.ActiveCfg = OSX|Any CPU
		{E5D2E610-4298-49B5-BD4D-CCF6CE408777}.OSX|Zune.ActiveCfg = OSX|Any CPU
		{E5D2E610-4298-49B5-BD4D-CCF6CE408777}.PSM|Any CPU.ActiveCfg = PSM|Any CPU
		{E5D2E610-4298-49B5-BD4D-CCF6CE408777}.PSM|Any CPU.Build.0 = PSM|Any CPU
		{E5D2E610-4298-49B5-BD4D-CCF6CE408777}.PSM|Mixed Platforms.ActiveCfg = PSM|Any CPU
		{E5D2E610-4298-49B5-BD4D-CCF6CE408777}.PSM|Mixed Platforms.Build.0 = PSM|Any CPU
		{E5D2E610-4298-49B5-BD4D-CCF6CE408777}.PSM|x86.ActiveCfg = PSM|Any CPU
		{E5D2E610-4298-49B5-BD4D-CCF6CE408777}.PSM|Xbox 360.ActiveCfg = PSM|Any CPU
		{E5D2E610-4298-49B5-BD4D-CCF6CE408777}.PSM|Zune.ActiveCfg = PSM|Any CPU
		{E5D2E610-4298-49B5-BD4D-CCF6CE408777}.Release|Any CPU.ActiveCfg = PSM|Any CPU
		{E5D2E610-4298-49B5-BD4D-CCF6CE408777}.Release|Any CPU.Build.0 = PSM|Any CPU
		{E5D2E610-4298-49B5-BD4D-CCF6CE408777}.Release|Mixed Platforms.ActiveCfg = PSM|Any CPU
		{E5D2E610-4298-49B5-BD4D-CCF6CE408777}.Release|Mixed Platforms.Build.0 = PSM|Any CPU
		{E5D2E610-4298-49B5-BD4D-CCF6CE408777}.Release|x86.ActiveCfg = Windows|Any CPU
		{E5D2E610-4298-49B5-BD4D-CCF6CE408777}.Release|x86.Build.0 = Windows|Any CPU
		{E5D2E610-4298-49B5-BD4D-CCF6CE408777}.Release|Xbox 360.ActiveCfg = Windows8|Any CPU
		{E5D2E610-4298-49B5-BD4D-CCF6CE408777}.Release|Zune.ActiveCfg = Windows8|Any CPU
		{E5D2E610-4298-49B5-BD4D-CCF6CE408777}.Windows|Any CPU.ActiveCfg = Windows|Any CPU
		{E5D2E610-4298-49B5-BD4D-CCF6CE408777}.Windows|Any CPU.Build.0 = Windows|Any CPU
		{E5D2E610-4298-49B5-BD4D-CCF6CE408777}.Windows|Mixed Platforms.ActiveCfg = Windows|Any CPU
		{E5D2E610-4298-49B5-BD4D-CCF6CE408777}.Windows|Mixed Platforms.Build.0 = Windows|Any CPU
		{E5D2E610-4298-49B5-BD4D-CCF6CE408777}.Windows|x86.ActiveCfg = Windows|Any CPU
		{E5D2E610-4298-49B5-BD4D-CCF6CE408777}.Windows|Xbox 360.ActiveCfg = Windows|Any CPU
		{E5D2E610-4298-49B5-BD4D-CCF6CE408777}.Windows|Zune.ActiveCfg = Windows|Any CPU
		{E5D2E610-4298-49B5-BD4D-CCF6CE408777}.Windows8|Any CPU.ActiveCfg = Windows8|Any CPU
		{E5D2E610-4298-49B5-BD4D-CCF6CE408777}.Windows8|Any CPU.Build.0 = Windows8|Any CPU
		{E5D2E610-4298-49B5-BD4D-CCF6CE408777}.Windows8|Mixed Platforms.ActiveCfg = Windows8|Any CPU
		{E5D2E610-4298-49B5-BD4D-CCF6CE408777}.Windows8|Mixed Platforms.Build.0 = Windows8|Any CPU
		{E5D2E610-4298-49B5-BD4D-CCF6CE408777}.Windows8|x86.ActiveCfg = Windows8|Any CPU
		{E5D2E610-4298-49B5-BD4D-CCF6CE408777}.Windows8|Xbox 360.ActiveCfg = Windows8|Any CPU
		{E5D2E610-4298-49B5-BD4D-CCF6CE408777}.Windows8|Zune.ActiveCfg = Windows8|Any CPU
		{2C21D323-C891-4C44-9FEA-A7E583A77CE3}.Android|Any CPU.ActiveCfg = Android|Any CPU
		{2C21D323-C891-4C44-9FEA-A7E583A77CE3}.Android|Mixed Platforms.ActiveCfg = Android|Any CPU
		{2C21D323-C891-4C44-9FEA-A7E583A77CE3}.Android|x86.ActiveCfg = Android|Any CPU
		{2C21D323-C891-4C44-9FEA-A7E583A77CE3}.Android|Xbox 360.ActiveCfg = Android|Any CPU
		{2C21D323-C891-4C44-9FEA-A7E583A77CE3}.Android|Zune.ActiveCfg = Android|Any CPU
		{2C21D323-C891-4C44-9FEA-A7E583A77CE3}.Debug|Any CPU.ActiveCfg = PSM|Any CPU
		{2C21D323-C891-4C44-9FEA-A7E583A77CE3}.Debug|Mixed Platforms.ActiveCfg = PSM|Any CPU
		{2C21D323-C891-4C44-9FEA-A7E583A77CE3}.Debug|Mixed Platforms.Build.0 = PSM|Any CPU
		{2C21D323-C891-4C44-9FEA-A7E583A77CE3}.Debug|x86.ActiveCfg = PSM|Any CPU
		{2C21D323-C891-4C44-9FEA-A7E583A77CE3}.Debug|x86.Build.0 = PSM|Any CPU
		{2C21D323-C891-4C44-9FEA-A7E583A77CE3}.Debug|Xbox 360.ActiveCfg = Windows8|Any CPU
		{2C21D323-C891-4C44-9FEA-A7E583A77CE3}.Debug|Zune.ActiveCfg = Windows8|Any CPU
		{2C21D323-C891-4C44-9FEA-A7E583A77CE3}.iOS|Any CPU.ActiveCfg = iOS|Any CPU
		{2C21D323-C891-4C44-9FEA-A7E583A77CE3}.iOS|Mixed Platforms.ActiveCfg = iOS|Any CPU
		{2C21D323-C891-4C44-9FEA-A7E583A77CE3}.iOS|x86.ActiveCfg = iOS|Any CPU
		{2C21D323-C891-4C44-9FEA-A7E583A77CE3}.iOS|Xbox 360.ActiveCfg = iOS|Any CPU
		{2C21D323-C891-4C44-9FEA-A7E583A77CE3}.iOS|Zune.ActiveCfg = iOS|Any CPU
		{2C21D323-C891-4C44-9FEA-A7E583A77CE3}.Linux|Any CPU.ActiveCfg = Linux|Any CPU
		{2C21D323-C891-4C44-9FEA-A7E583A77CE3}.Linux|Mixed Platforms.ActiveCfg = Linux|Any CPU
		{2C21D323-C891-4C44-9FEA-A7E583A77CE3}.Linux|x86.ActiveCfg = Linux|Any CPU
		{2C21D323-C891-4C44-9FEA-A7E583A77CE3}.Linux|Xbox 360.ActiveCfg = Linux|Any CPU
		{2C21D323-C891-4C44-9FEA-A7E583A77CE3}.Linux|Zune.ActiveCfg = Linux|Any CPU
		{2C21D323-C891-4C44-9FEA-A7E583A77CE3}.OSX|Any CPU.ActiveCfg = OSX|Any CPU
		{2C21D323-C891-4C44-9FEA-A7E583A77CE3}.OSX|Mixed Platforms.ActiveCfg = OSX|Any CPU
		{2C21D323-C891-4C44-9FEA-A7E583A77CE3}.OSX|x86.ActiveCfg = OSX|Any CPU
		{2C21D323-C891-4C44-9FEA-A7E583A77CE3}.OSX|Xbox 360.ActiveCfg = OSX|Any CPU
		{2C21D323-C891-4C44-9FEA-A7E583A77CE3}.OSX|Zune.ActiveCfg = OSX|Any CPU
		{2C21D323-C891-4C44-9FEA-A7E583A77CE3}.PSM|Any CPU.ActiveCfg = PSM|Any CPU
		{2C21D323-C891-4C44-9FEA-A7E583A77CE3}.PSM|Mixed Platforms.ActiveCfg = PSM|Any CPU
		{2C21D323-C891-4C44-9FEA-A7E583A77CE3}.PSM|x86.ActiveCfg = PSM|Any CPU
		{2C21D323-C891-4C44-9FEA-A7E583A77CE3}.PSM|Xbox 360.ActiveCfg = PSM|Any CPU
		{2C21D323-C891-4C44-9FEA-A7E583A77CE3}.PSM|Zune.ActiveCfg = PSM|Any CPU
		{2C21D323-C891-4C44-9FEA-A7E583A77CE3}.Release|Any CPU.ActiveCfg = PSM|Any CPU
		{2C21D323-C891-4C44-9FEA-A7E583A77CE3}.Release|Mixed Platforms.ActiveCfg = PSM|Any CPU
		{2C21D323-C891-4C44-9FEA-A7E583A77CE3}.Release|x86.ActiveCfg = PSM|Any CPU
		{2C21D323-C891-4C44-9FEA-A7E583A77CE3}.Release|Xbox 360.ActiveCfg = Windows8|Any CPU
		{2C21D323-C891-4C44-9FEA-A7E583A77CE3}.Release|Zune.ActiveCfg = Windows8|Any CPU
		{2C21D323-C891-4C44-9FEA-A7E583A77CE3}.Windows|Any CPU.ActiveCfg = Windows|Any CPU
		{2C21D323-C891-4C44-9FEA-A7E583A77CE3}.Windows|Mixed Platforms.ActiveCfg = Windows|Any CPU
		{2C21D323-C891-4C44-9FEA-A7E583A77CE3}.Windows|x86.ActiveCfg = Windows|Any CPU
		{2C21D323-C891-4C44-9FEA-A7E583A77CE3}.Windows|Xbox 360.ActiveCfg = Windows|Any CPU
		{2C21D323-C891-4C44-9FEA-A7E583A77CE3}.Windows|Zune.ActiveCfg = Windows|Any CPU
		{2C21D323-C891-4C44-9FEA-A7E583A77CE3}.Windows8|Any CPU.ActiveCfg = Windows8|Any CPU
		{2C21D323-C891-4C44-9FEA-A7E583A77CE3}.Windows8|Mixed Platforms.ActiveCfg = Windows8|Any CPU
		{2C21D323-C891-4C44-9FEA-A7E583A77CE3}.Windows8|x86.ActiveCfg = Windows8|Any CPU
		{2C21D323-C891-4C44-9FEA-A7E583A77CE3}.Windows8|Xbox 360.ActiveCfg = Windows8|Any CPU
		{2C21D323-C891-4C44-9FEA-A7E583A77CE3}.Windows8|Zune.ActiveCfg = Windows8|Any CPU
	EndGlobalSection
	GlobalSection(SolutionProperties) = preSolution
		HideSolutionNode = FALSE
	EndGlobalSection
EndGlobal
